{
  "name": "yopl",
  "version": "1.2.0",
  "lockfileVersion": 3,
  "requires": true,
  "packages": {
    "": {
      "name": "yopl",
      "version": "1.2.0",
      "license": "BSD-3-Clause",
      "dependencies": {
        "deep6": "^1.2.2"
      },
      "devDependencies": {
        "prettier": "^3.8.3",
        "typescript": "^6.0.3"
      },
      "funding": {
        "url": "https://github.com/sponsors/uhop"
      }
    },
    "node_modules/deep6": {
      "version": "1.2.2",
      "resolved": "https://registry.npmjs.org/deep6/-/deep6-1.2.2.tgz",
      "integrity": "sha512-oCowPv9CrKd4gxRAKXGu0YZWbc++s7G8o2o+7VBuxReGbLc/s9WSHsmNuSbkNCmsRTfWP/18bv6pWSph/12ucw==",
      "license": "BSD-3-Clause",
      "engines": {
        "node": ">=22"
      },
      "funding": {
        "url": "https://github.com/sponsors/uhop"
      }
    },
    "node_modules/prettier": {
      "version": "3.8.3",
      "resolved": "https://registry.npmjs.org/prettier/-/prettier-3.8.3.tgz",
      "integrity": "sha512-7igPTM53cGHMW8xWuVTydi2KO233VFiTNyF5hLJqpilHfmn8C8gPf+PS7dUT64YcXFbiMGZxS9pCSxL/Dxm/Jw==",
      "dev": true,
      "license": "MIT",
      "bin": {
        "prettier": "bin/prettier.cjs"
      },
      "engines": {
        "node": ">=14"
      },
      "funding": {
        "url": "https://github.com/prettier/prettier?sponsor=1"
      }
    },
    "node_modules/typescript": {
      "version": "6.0.3",
      "resolved": "https://registry.npmjs.org/typescript/-/typescript-6.0.3.tgz",
      "integrity": "sha512-y2TvuxSZPDyQakkFRPZHKFm+KKVqIisdg9/CZwm9ftvKXLP8NRWj38/ODjNbr43SsoXqNuAisEf1GdCxqWcdBw==",
      "dev": true,
      "license": "Apache-2.0",
      "bin": {
        "tsc": "bin/tsc",
        "tsserver": "bin/tsserver"
      },
      "engines": {
        "node": ">=14.17"
      }
    }
  }
}
