{
  "name": "yopl",
  "version": "1.4.0",
  "lockfileVersion": 3,
  "requires": true,
  "packages": {
    "": {
      "name": "yopl",
      "version": "1.4.0",
      "license": "BSD-3-Clause",
      "dependencies": {
        "deep6": "^1.3.1"
      },
      "devDependencies": {
        "nano-benchmark": "^1.0.16",
        "prettier": "^3.8.3",
        "typescript": "^6.0.3"
      },
      "funding": {
        "url": "https://github.com/sponsors/uhop"
      }
    },
    "node_modules/commander": {
      "version": "15.0.0",
      "resolved": "https://registry.npmjs.org/commander/-/commander-15.0.0.tgz",
      "integrity": "sha512-z67u4ZhzCL/Tydu1lJARtEZYWbWaN7oYLHbsuzocr6y4N6WZAagG3RQ4FW61V1/0+jImpj293XfrcYnd1qxtPg==",
      "dev": true,
      "license": "MIT",
      "engines": {
        "node": ">=22.12.0"
      }
    },
    "node_modules/console-toolkit": {
      "version": "1.4.0",
      "resolved": "https://registry.npmjs.org/console-toolkit/-/console-toolkit-1.4.0.tgz",
      "integrity": "sha512-Qw+won1+MUAu+UIYl7ZzH14t322Lm7u16DOc+j5lOxopem6Fw36slRyG/dBmDnHYV+qb3x5yurXMSonhEAhlvQ==",
      "dev": true,
      "license": "BSD-3-Clause",
      "funding": {
        "type": "github",
        "url": "https://github.com/sponsors/uhop"
      }
    },
    "node_modules/deep6": {
      "version": "1.3.1",
      "resolved": "https://registry.npmjs.org/deep6/-/deep6-1.3.1.tgz",
      "integrity": "sha512-ORvA1Ou+O8Pi2kOap6Iejc+1/5QZ8HrPcIVUQIllnArAfQY+uRqcc7Qflp1hOMhoPSGJ1kUw9noq6Sn52fRNCw==",
      "license": "BSD-3-Clause",
      "engines": {
        "node": ">=22"
      },
      "funding": {
        "url": "https://github.com/sponsors/uhop"
      }
    },
    "node_modules/emoji-regex": {
      "version": "10.6.0",
      "resolved": "https://registry.npmjs.org/emoji-regex/-/emoji-regex-10.6.0.tgz",
      "integrity": "sha512-toUI84YS5YmxW219erniWD0CIVOo46xGKColeNQRgOzDorgBi1v4D71/OFzgD9GO2UGKIv1C3Sp8DAn0+j5w7A==",
      "dev": true,
      "license": "MIT"
    },
    "node_modules/get-east-asian-width": {
      "version": "1.6.0",
      "resolved": "https://registry.npmjs.org/get-east-asian-width/-/get-east-asian-width-1.6.0.tgz",
      "integrity": "sha512-QRbvDIbx6YklUe6RxeTeleMR0yv3cYH6PsPZHcnVn7xv7zO1BHN8r0XETu8n6Ye3Q+ahtSarc3WgtNWmehIBfA==",
      "dev": true,
      "license": "MIT",
      "engines": {
        "node": ">=18"
      },
      "funding": {
        "url": "https://github.com/sponsors/sindresorhus"
      }
    },
    "node_modules/nano-benchmark": {
      "version": "1.1.0",
      "resolved": "https://registry.npmjs.org/nano-benchmark/-/nano-benchmark-1.1.0.tgz",
      "integrity": "sha512-ktXrs2U6HQFIjoDXUD6MYSeKZjhZtztSTrZtpRVpTabAUMJb9VICfSdbqZyjCHlKXapfbI7g6LihKVfZREg+mQ==",
      "dev": true,
      "license": "BSD-3-Clause",
      "dependencies": {
        "commander": "^15.0.0",
        "console-toolkit": "^1.4.0",
        "emoji-regex": "^10.6.0",
        "get-east-asian-width": "^1.6.0"
      },
      "bin": {
        "nano-bench": "bin/nano-bench.js",
        "nano-bench-compare": "bin/nano-bench-compare.js",
        "nano-watch": "bin/nano-watch.js"
      },
      "funding": {
        "type": "github",
        "url": "https://github.com/sponsors/uhop"
      }
    },
    "node_modules/prettier": {
      "version": "3.8.4",
      "resolved": "https://registry.npmjs.org/prettier/-/prettier-3.8.4.tgz",
      "integrity": "sha512-N2MylSdi48+5N/6S5j+maeHbUSIzzZ5uOcX5Hm4QpV8Dkb1HFjfAKTKX6yNPJQD9AhcT3ifHNB66tWTTJDi11Q==",
      "dev": true,
      "license": "MIT",
      "bin": {
        "prettier": "bin/prettier.cjs"
      },
      "engines": {
        "node": ">=14"
      },
      "funding": {
        "url": "https://github.com/prettier/prettier?sponsor=1"
      }
    },
    "node_modules/typescript": {
      "version": "6.0.3",
      "resolved": "https://registry.npmjs.org/typescript/-/typescript-6.0.3.tgz",
      "integrity": "sha512-y2TvuxSZPDyQakkFRPZHKFm+KKVqIisdg9/CZwm9ftvKXLP8NRWj38/ODjNbr43SsoXqNuAisEf1GdCxqWcdBw==",
      "dev": true,
      "license": "Apache-2.0",
      "bin": {
        "tsc": "bin/tsc",
        "tsserver": "bin/tsserver"
      },
      "engines": {
        "node": ">=14.17"
      }
    }
  }
}
